// !$*UTF8*$!
{
	archiveVersion = 1;
	classes = {
	};
	objectVersion = 46;
	objects = {

/* Begin PBXBuildFile section */
		28D7DC8A1D0334F9007C50C6 /* AppDelegate.swift in Sources */ = {isa = PBXBuildFile; fileRef = 28D7DC891D0334F9007C50C6 /* AppDelegate.swift */; };
		28D7DC8F1D0334F9007C50C6 /* Main.storyboard in Resources */ = {isa = PBXBuildFile; fileRef = 28D7DC8D1D0334F9007C50C6 /* Main.storyboard */; };
		28D7DC911D0334F9007C50C6 /* Assets.xcassets in Resources */ = {isa = PBXBuildFile; fileRef = 28D7DC901D0334F9007C50C6 /* Assets.xcassets */; };
		28D7DC941D0334F9007C50C6 /* LaunchScreen.storyboard in Resources */ = {isa = PBXBuildFile; fileRef = 28D7DC921D0334F9007C50C6 /* LaunchScreen.storyboard */; };
		28D7DCA21D033F07007C50C6 /* HomeScreenViewController.swift in Sources */ = {isa = PBXBuildFile; fileRef = 28D7DCA11D033F07007C50C6 /* HomeScreenViewController.swift */; };
		28DB960A1D034BDA008EB6E8 /* InsertRecordViewController.swift in Sources */ = {isa = PBXBuildFile; fileRef = 28DB96091D034BDA008EB6E8 /* InsertRecordViewController.swift */; };
		28DB960C1D034E6C008EB6E8 /* NinjaCell.swift in Sources */ = {isa = PBXBuildFile; fileRef = 28DB960B1D034E6C008EB6E8 /* NinjaCell.swift */; };
		28DB96141D035131008EB6E8 /* FMDatabase.m in Sources */ = {isa = PBXBuildFile; fileRef = 28DB960E1D035131008EB6E8 /* FMDatabase.m */; settings = {COMPILER_FLAGS = "-fno-objc-arc"; }; };
		28DB96161D035131008EB6E8 /* FMDatabaseAdditions.m in Sources */ = {isa = PBXBuildFile; fileRef = 28DB96101D035131008EB6E8 /* FMDatabaseAdditions.m */; settings = {COMPILER_FLAGS = "-fno-objc-arc"; }; };
		28DB96181D035131008EB6E8 /* FMResultSet.m in Sources */ = {isa = PBXBuildFile; fileRef = 28DB96121D035131008EB6E8 /* FMResultSet.m */; settings = {COMPILER_FLAGS = "-fno-objc-arc"; }; };
		28DB961A1D03518D008EB6E8 /* libsqlite3.0.tbd in Frameworks */ = {isa = PBXBuildFile; fileRef = 28DB96191D03518D008EB6E8 /* libsqlite3.0.tbd */; };
		28DB961D1D03560F008EB6E8 /* Util.swift in Sources */ = {isa = PBXBuildFile; fileRef = 28DB961C1D03560F008EB6E8 /* Util.swift */; };
		28DB961F1D036451008EB6E8 /* Ninja.sqlite in Resources */ = {isa = PBXBuildFile; fileRef = 28DB961E1D036451008EB6E8 /* Ninja.sqlite */; };
		28DB96211D036513008EB6E8 /* NinjaInfo.swift in Sources */ = {isa = PBXBuildFile; fileRef = 28DB96201D036513008EB6E8 /* NinjaInfo.swift */; };
		28DB96231D0365E8008EB6E8 /* ModelManager.swift in Sources */ = {isa = PBXBuildFile; fileRef = 28DB96221D0365E8008EB6E8 /* ModelManager.swift */; };
		28FE36421D1B3C3000DBAE2E /* LoginViewController.swift in Sources */ = {isa = PBXBuildFile; fileRef = 28FE36411D1B3C3000DBAE2E /* LoginViewController.swift */; };
		28FE36441D1B3C4600DBAE2E /* SignUpViewController.swift in Sources */ = {isa = PBXBuildFile; fileRef = 28FE36431D1B3C4600DBAE2E /* SignUpViewController.swift */; };
/* End PBXBuildFile section */

/* Begin PBXFileReference section */
		28D7DC861D0334F9007C50C6 /* BattleDatabase.app */ = {isa = PBXFileReference; explicitFileType = wrapper.application; includeInIndex = 0; path = BattleDatabase.app; sourceTree = BUILT_PRODUCTS_DIR; };
		28D7DC891D0334F9007C50C6 /* AppDelegate.swift */ = {isa = PBXFileReference; lastKnownFileType = sourcecode.swift; path = AppDelegate.swift; sourceTree = "<group>"; };
		28D7DC8E1D0334F9007C50C6 /* Base */ = {isa = PBXFileReference; lastKnownFileType = file.storyboard; name = Base; path = Base.lproj/Main.storyboard; sourceTree = "<group>"; };
		28D7DC901D0334F9007C50C6 /* Assets.xcassets */ = {isa = PBXFileReference; lastKnownFileType = folder.assetcatalog; path = Assets.xcassets; sourceTree = "<group>"; };
		28D7DC931D0334F9007C50C6 /* Base */ = {isa = PBXFileReference; lastKnownFileType = file.storyboard; name = Base; path = Base.lproj/LaunchScreen.storyboard; sourceTree = "<group>"; };
		28D7DC951D0334F9007C50C6 /* Info.plist */ = {isa = PBXFileReference; lastKnownFileType = text.plist.xml; path = Info.plist; sourceTree = "<group>"; };
		28D7DCA11D033F07007C50C6 /* HomeScreenViewController.swift */ = {isa = PBXFileReference; fileEncoding = 4; lastKnownFileType = sourcecode.swift; path = HomeScreenViewController.swift; sourceTree = "<group>"; };
		28DB96091D034BDA008EB6E8 /* InsertRecordViewController.swift */ = {isa = PBXFileReference; fileEncoding = 4; lastKnownFileType = sourcecode.swift; path = InsertRecordViewController.swift; sourceTree = "<group>"; };
		28DB960B1D034E6C008EB6E8 /* NinjaCell.swift */ = {isa = PBXFileReference; fileEncoding = 4; lastKnownFileType = sourcecode.swift; path = NinjaCell.swift; sourceTree = "<group>"; };
		28DB960D1D035131008EB6E8 /* FMDatabase.h */ = {isa = PBXFileReference; lastKnownFileType = sourcecode.c.h; name = FMDatabase.h; path = ../DatabaseExampleSwift/DatabaseExampleSwift/fmdb/FMDatabase.h; sourceTree = "<group>"; };
		28DB960E1D035131008EB6E8 /* FMDatabase.m */ = {isa = PBXFileReference; lastKnownFileType = sourcecode.c.objc; name = FMDatabase.m; path = ../DatabaseExampleSwift/DatabaseExampleSwift/fmdb/FMDatabase.m; sourceTree = "<group>"; };
		28DB960F1D035131008EB6E8 /* FMDatabaseAdditions.h */ = {isa = PBXFileReference; lastKnownFileType = sourcecode.c.h; name = FMDatabaseAdditions.h; path = ../DatabaseExampleSwift/DatabaseExampleSwift/fmdb/FMDatabaseAdditions.h; sourceTree = "<group>"; };
		28DB96101D035131008EB6E8 /* FMDatabaseAdditions.m */ = {isa = PBXFileReference; lastKnownFileType = sourcecode.c.objc; name = FMDatabaseAdditions.m; path = ../DatabaseExampleSwift/DatabaseExampleSwift/fmdb/FMDatabaseAdditions.m; sourceTree = "<group>"; };
		28DB96111D035131008EB6E8 /* FMResultSet.h */ = {isa = PBXFileReference; lastKnownFileType = sourcecode.c.h; name = FMResultSet.h; path = ../DatabaseExampleSwift/DatabaseExampleSwift/fmdb/FMResultSet.h; sourceTree = "<group>"; };
		28DB96121D035131008EB6E8 /* FMResultSet.m */ = {isa = PBXFileReference; lastKnownFileType = sourcecode.c.objc; name = FMResultSet.m; path = ../DatabaseExampleSwift/DatabaseExampleSwift/fmdb/FMResultSet.m; sourceTree = "<group>"; };
		28DB96191D03518D008EB6E8 /* libsqlite3.0.tbd */ = {isa = PBXFileReference; lastKnownFileType = "sourcecode.text-based-dylib-definition"; name = libsqlite3.0.tbd; path = usr/lib/libsqlite3.0.tbd; sourceTree = SDKROOT; };
		28DB961B1D035213008EB6E8 /* BattleDatabase-Bridging-Header.h */ = {isa = PBXFileReference; lastKnownFileType = sourcecode.c.h; name = "BattleDatabase-Bridging-Header.h"; path = "BattleDatabase/BattleDatabase-Bridging-Header.h"; sourceTree = "<group>"; };
		28DB961C1D03560F008EB6E8 /* Util.swift */ = {isa = PBXFileReference; fileEncoding = 4; lastKnownFileType = sourcecode.swift; path = Util.swift; sourceTree = "<group>"; };
		28DB961E1D036451008EB6E8 /* Ninja.sqlite */ = {isa = PBXFileReference; lastKnownFileType = file; name = Ninja.sqlite; path = BattleDatabase/Ninja.sqlite; sourceTree = "<group>"; };
		28DB96201D036513008EB6E8 /* NinjaInfo.swift */ = {isa = PBXFileReference; fileEncoding = 4; lastKnownFileType = sourcecode.swift; path = NinjaInfo.swift; sourceTree = "<group>"; };
		28DB96221D0365E8008EB6E8 /* ModelManager.swift */ = {isa = PBXFileReference; fileEncoding = 4; lastKnownFileType = sourcecode.swift; path = ModelManager.swift; sourceTree = "<group>"; };
		28EA2A7C1D04CED7006A5CBA /* BattleDatabase-Bridging-Header.h */ = {isa = PBXFileReference; lastKnownFileType = sourcecode.c.h; name = "BattleDatabase-Bridging-Header.h"; path = "BattleDatabase/BattleDatabase-Bridging-Header.h"; sourceTree = "<group>"; };
		28FE36411D1B3C3000DBAE2E /* LoginViewController.swift */ = {isa = PBXFileReference; fileEncoding = 4; lastKnownFileType = sourcecode.swift; path = LoginViewController.swift; sourceTree = "<group>"; };
		28FE36431D1B3C4600DBAE2E /* SignUpViewController.swift */ = {isa = PBXFileReference; fileEncoding = 4; lastKnownFileType = sourcecode.swift; path = SignUpViewController.swift; sourceTree = "<group>"; };
/* End PBXFileReference section */

/* Begin PBXFrameworksBuildPhase section */
		28D7DC831D0334F9007C50C6 /* Frameworks */ = {
			isa = PBXFrameworksBuildPhase;
			buildActionMask = 2147483647;
			files = (
				28DB961A1D03518D008EB6E8 /* libsqlite3.0.tbd in Frameworks */,
			);
			runOnlyForDeploymentPostprocessing = 0;
		};
/* End PBXFrameworksBuildPhase section */

/* Begin PBXGroup section */
		28D7DC7D1D0334F9007C50C6 = {
			isa = PBXGroup;
			children = (
				28DB961E1D036451008EB6E8 /* Ninja.sqlite */,
				28DB961B1D035213008EB6E8 /* BattleDatabase-Bridging-Header.h */,
				28EA2A7C1D04CED7006A5CBA /* BattleDatabase-Bridging-Header.h */,
				28DB96191D03518D008EB6E8 /* libsqlite3.0.tbd */,
				28DB960D1D035131008EB6E8 /* FMDatabase.h */,
				28DB960E1D035131008EB6E8 /* FMDatabase.m */,
				28DB960F1D035131008EB6E8 /* FMDatabaseAdditions.h */,
				28DB96101D035131008EB6E8 /* FMDatabaseAdditions.m */,
				28DB96111D035131008EB6E8 /* FMResultSet.h */,
				28DB96121D035131008EB6E8 /* FMResultSet.m */,
				28D7DC881D0334F9007C50C6 /* BattleDatabase */,
				28D7DC871D0334F9007C50C6 /* Products */,
			);
			sourceTree = "<group>";
		};
		28D7DC871D0334F9007C50C6 /* Products */ = {
			isa = PBXGroup;
			children = (
				28D7DC861D0334F9007C50C6 /* BattleDatabase.app */,
			);
			name = Products;
			sourceTree = "<group>";
		};
		28D7DC881D0334F9007C50C6 /* BattleDatabase */ = {
			isa = PBXGroup;
			children = (
				28D7DC891D0334F9007C50C6 /* AppDelegate.swift */,
				28FE36411D1B3C3000DBAE2E /* LoginViewController.swift */,
				28FE36431D1B3C4600DBAE2E /* SignUpViewController.swift */,
				28D7DC8D1D0334F9007C50C6 /* Main.storyboard */,
				28D7DCA11D033F07007C50C6 /* HomeScreenViewController.swift */,
				28DB96221D0365E8008EB6E8 /* ModelManager.swift */,
				28DB96201D036513008EB6E8 /* NinjaInfo.swift */,
				28DB961C1D03560F008EB6E8 /* Util.swift */,
				28DB96091D034BDA008EB6E8 /* InsertRecordViewController.swift */,
				28DB960B1D034E6C008EB6E8 /* NinjaCell.swift */,
				28D7DC901D0334F9007C50C6 /* Assets.xcassets */,
				28D7DC921D0334F9007C50C6 /* LaunchScreen.storyboard */,
				28D7DC951D0334F9007C50C6 /* Info.plist */,
			);
			path = BattleDatabase;
			sourceTree = "<group>";
		};
/* End PBXGroup section */

/* Begin PBXNativeTarget section */
		28D7DC851D0334F9007C50C6 /* BattleDatabase */ = {
			isa = PBXNativeTarget;
			buildConfigurationList = 28D7DC981D0334F9007C50C6 /* Build configuration list for PBXNativeTarget "BattleDatabase" */;
			buildPhases = (
				28D7DC821D0334F9007C50C6 /* Sources */,
				28D7DC831D0334F9007C50C6 /* Frameworks */,
				28D7DC841D0334F9007C50C6 /* Resources */,
			);
			buildRules = (
			);
			dependencies = (
			);
			name = BattleDatabase;
			productName = BattleDatabase;
			productReference = 28D7DC861D0334F9007C50C6 /* BattleDatabase.app */;
			productType = "com.apple.product-type.application";
		};
/* End PBXNativeTarget section */

/* Begin PBXProject section */
		28D7DC7E1D0334F9007C50C6 /* Project object */ = {
			isa = PBXProject;
			attributes = {
				LastSwiftUpdateCheck = 0730;
				LastUpgradeCheck = 0730;
				ORGANIZATIONNAME = Hurtado_Steven;
				TargetAttributes = {
					28D7DC851D0334F9007C50C6 = {
						CreatedOnToolsVersion = 7.3.1;
					};
				};
			};
			buildConfigurationList = 28D7DC811D0334F9007C50C6 /* Build configuration list for PBXProject "BattleDatabase" */;
			compatibilityVersion = "Xcode 3.2";
			developmentRegion = English;
			hasScannedForEncodings = 0;
			knownRegions = (
				en,
				Base,
			);
			mainGroup = 28D7DC7D1D0334F9007C50C6;
			productRefGroup = 28D7DC871D0334F9007C50C6 /* Products */;
			projectDirPath = "";
			projectRoot = "";
			targets = (
				28D7DC851D0334F9007C50C6 /* BattleDatabase */,
			);
		};
/* End PBXProject section */

/* Begin PBXResourcesBuildPhase section */
		28D7DC841D0334F9007C50C6 /* Resources */ = {
			isa = PBXResourcesBuildPhase;
			buildActionMask = 2147483647;
			files = (
				28DB961F1D036451008EB6E8 /* Ninja.sqlite in Resources */,
				28D7DC941D0334F9007C50C6 /* LaunchScreen.storyboard in Resources */,
				28D7DC911D0334F9007C50C6 /* Assets.xcassets in Resources */,
				28D7DC8F1D0334F9007C50C6 /* Main.storyboard in Resources */,
			);
			runOnlyForDeploymentPostprocessing = 0;
		};
/* End PBXResourcesBuildPhase section */

/* Begin PBXSourcesBuildPhase section */
		28D7DC821D0334F9007C50C6 /* Sources */ = {
			isa = PBXSourcesBuildPhase;
			buildActionMask = 2147483647;
			files = (
				28FE36421D1B3C3000DBAE2E /* LoginViewController.swift in Sources */,
				28DB96141D035131008EB6E8 /* FMDatabase.m in Sources */,
				28DB96161D035131008EB6E8 /* FMDatabaseAdditions.m in Sources */,
				28DB96181D035131008EB6E8 /* FMResultSet.m in Sources */,
				28DB961D1D03560F008EB6E8 /* Util.swift in Sources */,
				28DB96211D036513008EB6E8 /* NinjaInfo.swift in Sources */,
				28FE36441D1B3C4600DBAE2E /* SignUpViewController.swift in Sources */,
				28DB960A1D034BDA008EB6E8 /* InsertRecordViewController.swift in Sources */,
				28D7DC8A1D0334F9007C50C6 /* AppDelegate.swift in Sources */,
				28DB96231D0365E8008EB6E8 /* ModelManager.swift in Sources */,
				28D7DCA21D033F07007C50C6 /* HomeScreenViewController.swift in Sources */,
				28DB960C1D034E6C008EB6E8 /* NinjaCell.swift in Sources */,
			);
			runOnlyForDeploymentPostprocessing = 0;
		};
/* End PBXSourcesBuildPhase section */

/* Begin PBXVariantGroup section */
		28D7DC8D1D0334F9007C50C6 /* Main.storyboard */ = {
			isa = PBXVariantGroup;
			children = (
				28D7DC8E1D0334F9007C50C6 /* Base */,
			);
			name = Main.storyboard;
			sourceTree = "<group>";
		};
		28D7DC921D0334F9007C50C6 /* LaunchScreen.storyboard */ = {
			isa = PBXVariantGroup;
			children = (
				28D7DC931D0334F9007C50C6 /* Base */,
			);
			name = LaunchScreen.storyboard;
			sourceTree = "<group>";
		};
/* End PBXVariantGroup section */

/* Begin XCBuildConfiguration section */
		28D7DC961D0334F9007C50C6 /* Debug */ = {
			isa = XCBuildConfiguration;
			buildSettings = {
				ALWAYS_SEARCH_USER_PATHS = NO;
				CLANG_ANALYZER_NONNULL = YES;
				CLANG_CXX_LANGUAGE_STANDARD = "gnu++0x";
				CLANG_CXX_LIBRARY = "libc++";
				CLANG_ENABLE_MODULES = YES;
				CLANG_ENABLE_OBJC_ARC = YES;
				CLANG_WARN_BOOL_CONVERSION = YES;
				CLANG_WARN_CONSTANT_CONVERSION = YES;
				CLANG_WARN_DIRECT_OBJC_ISA_USAGE = YES_ERROR;
				CLANG_WARN_EMPTY_BODY = YES;
				CLANG_WARN_ENUM_CONVERSION = YES;
				CLANG_WARN_INT_CONVERSION = YES;
				CLANG_WARN_OBJC_ROOT_CLASS = YES_ERROR;
				CLANG_WARN_UNREACHABLE_CODE = YES;
				CLANG_WARN__DUPLICATE_METHOD_MATCH = YES;
				"CODE_SIGN_IDENTITY[sdk=iphoneos*]" = "iPhone Developer";
				COPY_PHASE_STRIP = NO;
				DEBUG_INFORMATION_FORMAT = dwarf;
				ENABLE_STRICT_OBJC_MSGSEND = YES;
				ENABLE_TESTABILITY = YES;
				GCC_C_LANGUAGE_STANDARD = gnu99;
				GCC_DYNAMIC_NO_PIC = NO;
				GCC_NO_COMMON_BLOCKS = YES;
				GCC_OPTIMIZATION_LEVEL = 0;
				GCC_PREPROCESSOR_DEFINITIONS = (
					"DEBUG=1",
					"$(inherited)",
				);
				GCC_WARN_64_TO_32_BIT_CONVERSION = YES;
				GCC_WARN_ABOUT_RETURN_TYPE = YES_ERROR;
				GCC_WARN_UNDECLARED_SELECTOR = YES;
				GCC_WARN_UNINITIALIZED_AUTOS = YES_AGGRESSIVE;
				GCC_WARN_UNUSED_FUNCTION = YES;
				GCC_WARN_UNUSED_VARIABLE = YES;
				IPHONEOS_DEPLOYMENT_TARGET = 9.3;
				MTL_ENABLE_DEBUG_INFO = YES;
				ONLY_ACTIVE_ARCH = YES;
				SDKROOT = iphoneos;
				SWIFT_OPTIMIZATION_LEVEL = "-Onone";
			};
			name = Debug;
		};
		28D7DC971D0334F9007C50C6 /* Release */ = {
			isa = XCBuildConfiguration;
			buildSettings = {
				ALWAYS_SEARCH_USER_PATHS = NO;
				CLANG_ANALYZER_NONNULL = YES;
				CLANG_CXX_LANGUAGE_STANDARD = "gnu++0x";
				CLANG_CXX_LIBRARY = "libc++";
				CLANG_ENABLE_MODULES = YES;
				CLANG_ENABLE_OBJC_ARC = YES;
				CLANG_WARN_BOOL_CONVERSION = YES;
				CLANG_WARN_CONSTANT_CONVERSION = YES;
				CLANG_WARN_DIRECT_OBJC_ISA_USAGE = YES_ERROR;
				CLANG_WARN_EMPTY_BODY = YES;
				CLANG_WARN_ENUM_CONVERSION = YES;
				CLANG_WARN_INT_CONVERSION = YES;
				CLANG_WARN_OBJC_ROOT_CLASS = YES_ERROR;
				CLANG_WARN_UNREACHABLE_CODE = YES;
				CLANG_WARN__DUPLICATE_METHOD_MATCH = YES;
				"CODE_SIGN_IDENTITY[sdk=iphoneos*]" = "iPhone Developer";
				COPY_PHASE_STRIP = NO;
				DEBUG_INFORMATION_FORMAT = "dwarf-with-dsym";
				ENABLE_NS_ASSERTIONS = NO;
				ENABLE_STRICT_OBJC_MSGSEND = YES;
				GCC_C_LANGUAGE_STANDARD = gnu99;
				GCC_NO_COMMON_BLOCKS = YES;
				GCC_WARN_64_TO_32_BIT_CONVERSION = YES;
				GCC_WARN_ABOUT_RETURN_TYPE = YES_ERROR;
				GCC_WARN_UNDECLARED_SELECTOR = YES;
				GCC_WARN_UNINITIALIZED_AUTOS = YES_AGGRESSIVE;
				GCC_WARN_UNUSED_FUNCTION = YES;
				GCC_WARN_UNUSED_VARIABLE = YES;
				IPHONEOS_DEPLOYMENT_TARGET = 9.3;
				MTL_ENABLE_DEBUG_INFO = NO;
				SDKROOT = iphoneos;
				VALIDATE_PRODUCT = YES;
			};
			name = Release;
		};
		28D7DC991D0334F9007C50C6 /* Debug */ = {
			isa = XCBuildConfiguration;
			buildSettings = {
				ASSETCATALOG_COMPILER_APPICON_NAME = AppIcon;
				INFOPLIST_FILE = BattleDatabase/Info.plist;
				LD_RUNPATH_SEARCH_PATHS = "$(inherited) @executable_path/Frameworks";
				PRODUCT_BUNDLE_IDENTIFIER = com.stevshidae.BattleDatabase;
				PRODUCT_NAME = "$(TARGET_NAME)";
				SWIFT_OBJC_BRIDGING_HEADER = "./BattleDatabase/BattleDatabase-Bridging-Header.h";
			};
			name = Debug;
		};
		28D7DC9A1D0334F9007C50C6 /* Release */ = {
			isa = XCBuildConfiguration;
			buildSettings = {
				ASSETCATALOG_COMPILER_APPICON_NAME = AppIcon;
				INFOPLIST_FILE = BattleDatabase/Info.plist;
				LD_RUNPATH_SEARCH_PATHS = "$(inherited) @executable_path/Frameworks";
				PRODUCT_BUNDLE_IDENTIFIER = com.stevshidae.BattleDatabase;
				PRODUCT_NAME = "$(TARGET_NAME)";
				SWIFT_OBJC_BRIDGING_HEADER = "./BattleDatabase/BattleDatabase-Bridging-Header.h";
			};
			name = Release;
		};
/* End XCBuildConfiguration section */

/* Begin XCConfigurationList section */
		28D7DC811D0334F9007C50C6 /* Build configuration list for PBXProject "BattleDatabase" */ = {
			isa = XCConfigurationList;
			buildConfigurations = (
				28D7DC961D0334F9007C50C6 /* Debug */,
				28D7DC971D0334F9007C50C6 /* Release */,
			);
			defaultConfigurationIsVisible = 0;
			defaultConfigurationName = Release;
		};
		28D7DC981D0334F9007C50C6 /* Build configuration list for PBXNativeTarget "BattleDatabase" */ = {
			isa = XCConfigurationList;
			buildConfigurations = (
				28D7DC991D0334F9007C50C6 /* Debug */,
				28D7DC9A1D0334F9007C50C6 /* Release */,
			);
			defaultConfigurationIsVisible = 0;
			defaultConfigurationName = Release;
		};
/* End XCConfigurationList section */
	};
	rootObject = 28D7DC7E1D0334F9007C50C6 /* Project object */;
}
